// !$*UTF8*$!
{
	archiveVersion = 1;
	classes = {
	};
	objectVersion = 46;
	objects = {

/* Begin PBXBuildFile section */
		1F7016A11DDE3273001A04D4 /* ItemTableViewController.swift in Sources */ = {isa = PBXBuildFile; fileRef = 1F7016A01DDE3273001A04D4 /* ItemTableViewController.swift */; };
		1F9484911DDB9835005050A3 /* AppDelegate.swift in Sources */ = {isa = PBXBuildFile; fileRef = 1F9484901DDB9835005050A3 /* AppDelegate.swift */; };
		1F9484961DDB9835005050A3 /* Main.storyboard in Resources */ = {isa = PBXBuildFile; fileRef = 1F9484941DDB9835005050A3 /* Main.storyboard */; };
		1F9484991DDB9835005050A3 /* GroceryAppCoreData.xcdatamodeld in Sources */ = {isa = PBXBuildFile; fileRef = 1F9484971DDB9835005050A3 /* GroceryAppCoreData.xcdatamodeld */; };
		1F94849B1DDB9835005050A3 /* Assets.xcassets in Resources */ = {isa = PBXBuildFile; fileRef = 1F94849A1DDB9835005050A3 /* Assets.xcassets */; };
		1F94849E1DDB9835005050A3 /* LaunchScreen.storyboard in Resources */ = {isa = PBXBuildFile; fileRef = 1F94849C1DDB9835005050A3 /* LaunchScreen.storyboard */; };
		1F9484A61DDBA76B005050A3 /* GroceryListTableViewController.swift in Sources */ = {isa = PBXBuildFile; fileRef = 1F9484A51DDBA76B005050A3 /* GroceryListTableViewController.swift */; };
		1F97BC071DE38C7E005FB802 /* GroceryList.swift in Sources */ = {isa = PBXBuildFile; fileRef = 1F97BC051DE38C7E005FB802 /* GroceryList.swift */; };
		1F97BC081DE38C7E005FB802 /* Item.swift in Sources */ = {isa = PBXBuildFile; fileRef = 1F97BC061DE38C7E005FB802 /* Item.swift */; };
/* End PBXBuildFile section */

/* Begin PBXFileReference section */
		1F7016A01DDE3273001A04D4 /* ItemTableViewController.swift */ = {isa = PBXFileReference; fileEncoding = 4; lastKnownFileType = sourcecode.swift; path = ItemTableViewController.swift; sourceTree = "<group>"; };
		1F94848D1DDB9835005050A3 /* GroceryAppCoreData.app */ = {isa = PBXFileReference; explicitFileType = wrapper.application; includeInIndex = 0; path = GroceryAppCoreData.app; sourceTree = BUILT_PRODUCTS_DIR; };
		1F9484901DDB9835005050A3 /* AppDelegate.swift */ = {isa = PBXFileReference; lastKnownFileType = sourcecode.swift; path = AppDelegate.swift; sourceTree = "<group>"; };
		1F9484951DDB9835005050A3 /* Base */ = {isa = PBXFileReference; lastKnownFileType = file.storyboard; name = Base; path = Base.lproj/Main.storyboard; sourceTree = "<group>"; };
		1F9484981DDB9835005050A3 /* GroceryAppCoreData.xcdatamodel */ = {isa = PBXFileReference; lastKnownFileType = wrapper.xcdatamodel; path = GroceryAppCoreData.xcdatamodel; sourceTree = "<group>"; };
		1F94849A1DDB9835005050A3 /* Assets.xcassets */ = {isa = PBXFileReference; lastKnownFileType = folder.assetcatalog; path = Assets.xcassets; sourceTree = "<group>"; };
		1F94849D1DDB9835005050A3 /* Base */ = {isa = PBXFileReference; lastKnownFileType = file.storyboard; name = Base; path = Base.lproj/LaunchScreen.storyboard; sourceTree = "<group>"; };
		1F94849F1DDB9835005050A3 /* Info.plist */ = {isa = PBXFileReference; lastKnownFileType = text.plist.xml; path = Info.plist; sourceTree = "<group>"; };
		1F9484A51DDBA76B005050A3 /* GroceryListTableViewController.swift */ = {isa = PBXFileReference; fileEncoding = 4; lastKnownFileType = sourcecode.swift; name = GroceryListTableViewController.swift; path = GroceryAppCoreData/GroceryListTableViewController.swift; sourceTree = "<group>"; };
		1F97BC051DE38C7E005FB802 /* GroceryList.swift */ = {isa = PBXFileReference; fileEncoding = 4; lastKnownFileType = sourcecode.swift; path = GroceryList.swift; sourceTree = "<group>"; };
		1F97BC061DE38C7E005FB802 /* Item.swift */ = {isa = PBXFileReference; fileEncoding = 4; lastKnownFileType = sourcecode.swift; path = Item.swift; sourceTree = "<group>"; };
/* End PBXFileReference section */

/* Begin PBXFrameworksBuildPhase section */
		1F94848A1DDB9835005050A3 /* Frameworks */ = {
			isa = PBXFrameworksBuildPhase;
			buildActionMask = 2147483647;
			files = (
			);
			runOnlyForDeploymentPostprocessing = 0;
		};
/* End PBXFrameworksBuildPhase section */

/* Begin PBXGroup section */
		1F7016A21DDE3279001A04D4 /* Controllers */ = {
			isa = PBXGroup;
			children = (
				1F9484A51DDBA76B005050A3 /* GroceryListTableViewController.swift */,
				1F7016A01DDE3273001A04D4 /* ItemTableViewController.swift */,
			);
			name = Controllers;
			sourceTree = "<group>";
		};
		1F9484841DDB9835005050A3 = {
			isa = PBXGroup;
			children = (
				1F7016A21DDE3279001A04D4 /* Controllers */,
				1F94848F1DDB9835005050A3 /* GroceryAppCoreData */,
				1F94848E1DDB9835005050A3 /* Products */,
			);
			sourceTree = "<group>";
		};
		1F94848E1DDB9835005050A3 /* Products */ = {
			isa = PBXGroup;
			children = (
				1F94848D1DDB9835005050A3 /* GroceryAppCoreData.app */,
			);
			name = Products;
			sourceTree = "<group>";
		};
		1F94848F1DDB9835005050A3 /* GroceryAppCoreData */ = {
			isa = PBXGroup;
			children = (
				1F9484901DDB9835005050A3 /* AppDelegate.swift */,
				1F97BC051DE38C7E005FB802 /* GroceryList.swift */,
				1F97BC061DE38C7E005FB802 /* Item.swift */,
				1F9484941DDB9835005050A3 /* Main.storyboard */,
				1F94849A1DDB9835005050A3 /* Assets.xcassets */,
				1F94849C1DDB9835005050A3 /* LaunchScreen.storyboard */,
				1F94849F1DDB9835005050A3 /* Info.plist */,
				1F9484971DDB9835005050A3 /* GroceryAppCoreData.xcdatamodeld */,
			);
			path = GroceryAppCoreData;
			sourceTree = "<group>";
		};
/* End PBXGroup section */

/* Begin PBXNativeTarget section */
		1F94848C1DDB9835005050A3 /* GroceryAppCoreData */ = {
			isa = PBXNativeTarget;
			buildConfigurationList = 1F9484A21DDB9835005050A3 /* Build configuration list for PBXNativeTarget "GroceryAppCoreData" */;
			buildPhases = (
				1F9484891DDB9835005050A3 /* Sources */,
				1F94848A1DDB9835005050A3 /* Frameworks */,
				1F94848B1DDB9835005050A3 /* Resources */,
			);
			buildRules = (
			);
			dependencies = (
			);
			name = GroceryAppCoreData;
			productName = GroceryAppCoreData;
			productReference = 1F94848D1DDB9835005050A3 /* GroceryAppCoreData.app */;
			productType = "com.apple.product-type.application";
		};
/* End PBXNativeTarget section */

/* Begin PBXProject section */
		1F9484851DDB9835005050A3 /* Project object */ = {
			isa = PBXProject;
			attributes = {
				LastSwiftUpdateCheck = 0810;
				LastUpgradeCheck = 0810;
				ORGANIZATIONNAME = geeoku;
				TargetAttributes = {
					1F94848C1DDB9835005050A3 = {
						CreatedOnToolsVersion = 8.1;
						DevelopmentTeam = 7E646DTM59;
						ProvisioningStyle = Automatic;
					};
				};
			};
			buildConfigurationList = 1F9484881DDB9835005050A3 /* Build configuration list for PBXProject "GroceryAppCoreData" */;
			compatibilityVersion = "Xcode 3.2";
			developmentRegion = English;
			hasScannedForEncodings = 0;
			knownRegions = (
				en,
				Base,
			);
			mainGroup = 1F9484841DDB9835005050A3;
			productRefGroup = 1F94848E1DDB9835005050A3 /* Products */;
			projectDirPath = "";
			projectRoot = "";
			targets = (
				1F94848C1DDB9835005050A3 /* GroceryAppCoreData */,
			);
		};
/* End PBXProject section */

/* Begin PBXResourcesBuildPhase section */
		1F94848B1DDB9835005050A3 /* Resources */ = {
			isa = PBXResourcesBuildPhase;
			buildActionMask = 2147483647;
			files = (
				1F94849E1DDB9835005050A3 /* LaunchScreen.storyboard in Resources */,
				1F94849B1DDB9835005050A3 /* Assets.xcassets in Resources */,
				1F9484961DDB9835005050A3 /* Main.storyboard in Resources */,
			);
			runOnlyForDeploymentPostprocessing = 0;
		};
/* End PBXResourcesBuildPhase section */

/* Begin PBXSourcesBuildPhase section */
		1F9484891DDB9835005050A3 /* Sources */ = {
			isa = PBXSourcesBuildPhase;
			buildActionMask = 2147483647;
			files = (
				1F7016A11DDE3273001A04D4 /* ItemTableViewController.swift in Sources */,
				1F9484991DDB9835005050A3 /* GroceryAppCoreData.xcdatamodeld in Sources */,
				1F97BC071DE38C7E005FB802 /* GroceryList.swift in Sources */,
				1F9484A61DDBA76B005050A3 /* GroceryListTableViewController.swift in Sources */,
				1F97BC081DE38C7E005FB802 /* Item.swift in Sources */,
				1F9484911DDB9835005050A3 /* AppDelegate.swift in Sources */,
			);
			runOnlyForDeploymentPostprocessing = 0;
		};
/* End PBXSourcesBuildPhase section */

/* Begin PBXVariantGroup section */
		1F9484941DDB9835005050A3 /* Main.storyboard */ = {
			isa = PBXVariantGroup;
			children = (
				1F9484951DDB9835005050A3 /* Base */,
			);
			name = Main.storyboard;
			sourceTree = "<group>";
		};
		1F94849C1DDB9835005050A3 /* LaunchScreen.storyboard */ = {
			isa = PBXVariantGroup;
			children = (
				1F94849D1DDB9835005050A3 /* Base */,
			);
			name = LaunchScreen.storyboard;
			sourceTree = "<group>";
		};
/* End PBXVariantGroup section */

/* Begin XCBuildConfiguration section */
		1F9484A01DDB9835005050A3 /* Debug */ = {
			isa = XCBuildConfiguration;
			buildSettings = {
				ALWAYS_SEARCH_USER_PATHS = NO;
				CLANG_ANALYZER_NONNULL = YES;
				CLANG_CXX_LANGUAGE_STANDARD = "gnu++0x";
				CLANG_CXX_LIBRARY = "libc++";
				CLANG_ENABLE_MODULES = YES;
				CLANG_ENABLE_OBJC_ARC = YES;
				CLANG_WARN_BOOL_CONVERSION = YES;
				CLANG_WARN_CONSTANT_CONVERSION = YES;
				CLANG_WARN_DIRECT_OBJC_ISA_USAGE = YES_ERROR;
				CLANG_WARN_DOCUMENTATION_COMMENTS = YES;
				CLANG_WARN_EMPTY_BODY = YES;
				CLANG_WARN_ENUM_CONVERSION = YES;
				CLANG_WARN_INFINITE_RECURSION = YES;
				CLANG_WARN_INT_CONVERSION = YES;
				CLANG_WARN_OBJC_ROOT_CLASS = YES_ERROR;
				CLANG_WARN_SUSPICIOUS_MOVES = YES;
				CLANG_WARN_UNREACHABLE_CODE = YES;
				CLANG_WARN__DUPLICATE_METHOD_MATCH = YES;
				"CODE_SIGN_IDENTITY[sdk=iphoneos*]" = "iPhone Developer";
				COPY_PHASE_STRIP = NO;
				DEBUG_INFORMATION_FORMAT = dwarf;
				ENABLE_STRICT_OBJC_MSGSEND = YES;
				ENABLE_TESTABILITY = YES;
				GCC_C_LANGUAGE_STANDARD = gnu99;
				GCC_DYNAMIC_NO_PIC = NO;
				GCC_NO_COMMON_BLOCKS = YES;
				GCC_OPTIMIZATION_LEVEL = 0;
				GCC_PREPROCESSOR_DEFINITIONS = (
					"DEBUG=1",
					"$(inherited)",
				);
				GCC_WARN_64_TO_32_BIT_CONVERSION = YES;
				GCC_WARN_ABOUT_RETURN_TYPE = YES_ERROR;
				GCC_WARN_UNDECLARED_SELECTOR = YES;
				GCC_WARN_UNINITIALIZED_AUTOS = YES_AGGRESSIVE;
				GCC_WARN_UNUSED_FUNCTION = YES;
				GCC_WARN_UNUSED_VARIABLE = YES;
				IPHONEOS_DEPLOYMENT_TARGET = 10.1;
				MTL_ENABLE_DEBUG_INFO = YES;
				ONLY_ACTIVE_ARCH = YES;
				SDKROOT = iphoneos;
				SWIFT_ACTIVE_COMPILATION_CONDITIONS = DEBUG;
				SWIFT_OPTIMIZATION_LEVEL = "-Onone";
				TARGETED_DEVICE_FAMILY = "1,2";
			};
			name = Debug;
		};
		1F9484A11DDB9835005050A3 /* Release */ = {
			isa = XCBuildConfiguration;
			buildSettings = {
				ALWAYS_SEARCH_USER_PATHS = NO;
				CLANG_ANALYZER_NONNULL = YES;
				CLANG_CXX_LANGUAGE_STANDARD = "gnu++0x";
				CLANG_CXX_LIBRARY = "libc++";
				CLANG_ENABLE_MODULES = YES;
				CLANG_ENABLE_OBJC_ARC = YES;
				CLANG_WARN_BOOL_CONVERSION = YES;
				CLANG_WARN_CONSTANT_CONVERSION = YES;
				CLANG_WARN_DIRECT_OBJC_ISA_USAGE = YES_ERROR;
				CLANG_WARN_DOCUMENTATION_COMMENTS = YES;
				CLANG_WARN_EMPTY_BODY = YES;
				CLANG_WARN_ENUM_CONVERSION = YES;
				CLANG_WARN_INFINITE_RECURSION = YES;
				CLANG_WARN_INT_CONVERSION = YES;
				CLANG_WARN_OBJC_ROOT_CLASS = YES_ERROR;
				CLANG_WARN_SUSPICIOUS_MOVES = YES;
				CLANG_WARN_UNREACHABLE_CODE = YES;
				CLANG_WARN__DUPLICATE_METHOD_MATCH = YES;
				"CODE_SIGN_IDENTITY[sdk=iphoneos*]" = "iPhone Developer";
				COPY_PHASE_STRIP = NO;
				DEBUG_INFORMATION_FORMAT = "dwarf-with-dsym";
				ENABLE_NS_ASSERTIONS = NO;
				ENABLE_STRICT_OBJC_MSGSEND = YES;
				GCC_C_LANGUAGE_STANDARD = gnu99;
				GCC_NO_COMMON_BLOCKS = YES;
				GCC_WARN_64_TO_32_BIT_CONVERSION = YES;
				GCC_WARN_ABOUT_RETURN_TYPE = YES_ERROR;
				GCC_WARN_UNDECLARED_SELECTOR = YES;
				GCC_WARN_UNINITIALIZED_AUTOS = YES_AGGRESSIVE;
				GCC_WARN_UNUSED_FUNCTION = YES;
				GCC_WARN_UNUSED_VARIABLE = YES;
				IPHONEOS_DEPLOYMENT_TARGET = 10.1;
				MTL_ENABLE_DEBUG_INFO = NO;
				SDKROOT = iphoneos;
				SWIFT_OPTIMIZATION_LEVEL = "-Owholemodule";
				TARGETED_DEVICE_FAMILY = "1,2";
				VALIDATE_PRODUCT = YES;
			};
			name = Release;
		};
		1F9484A31DDB9835005050A3 /* Debug */ = {
			isa = XCBuildConfiguration;
			buildSettings = {
				ASSETCATALOG_COMPILER_APPICON_NAME = AppIcon;
				DEVELOPMENT_TEAM = 7E646DTM59;
				INFOPLIST_FILE = GroceryAppCoreData/Info.plist;
				LD_RUNPATH_SEARCH_PATHS = "$(inherited) @executable_path/Frameworks";
				PRODUCT_BUNDLE_IDENTIFIER = com.geeoku.GroceryAppCoreData;
				PRODUCT_NAME = "$(TARGET_NAME)";
				SWIFT_VERSION = 3.0;
			};
			name = Debug;
		};
		1F9484A41DDB9835005050A3 /* Release */ = {
			isa = XCBuildConfiguration;
			buildSettings = {
				ASSETCATALOG_COMPILER_APPICON_NAME = AppIcon;
				DEVELOPMENT_TEAM = 7E646DTM59;
				INFOPLIST_FILE = GroceryAppCoreData/Info.plist;
				LD_RUNPATH_SEARCH_PATHS = "$(inherited) @executable_path/Frameworks";
				PRODUCT_BUNDLE_IDENTIFIER = com.geeoku.GroceryAppCoreData;
				PRODUCT_NAME = "$(TARGET_NAME)";
				SWIFT_VERSION = 3.0;
			};
			name = Release;
		};
/* End XCBuildConfiguration section */

/* Begin XCConfigurationList section */
		1F9484881DDB9835005050A3 /* Build configuration list for PBXProject "GroceryAppCoreData" */ = {
			isa = XCConfigurationList;
			buildConfigurations = (
				1F9484A01DDB9835005050A3 /* Debug */,
				1F9484A11DDB9835005050A3 /* Release */,
			);
			defaultConfigurationIsVisible = 0;
			defaultConfigurationName = Release;
		};
		1F9484A21DDB9835005050A3 /* Build configuration list for PBXNativeTarget "GroceryAppCoreData" */ = {
			isa = XCConfigurationList;
			buildConfigurations = (
				1F9484A31DDB9835005050A3 /* Debug */,
				1F9484A41DDB9835005050A3 /* Release */,
			);
			defaultConfigurationIsVisible = 0;
			defaultConfigurationName = Release;
		};
/* End XCConfigurationList section */

/* Begin XCVersionGroup section */
		1F9484971DDB9835005050A3 /* GroceryAppCoreData.xcdatamodeld */ = {
			isa = XCVersionGroup;
			children = (
				1F9484981DDB9835005050A3 /* GroceryAppCoreData.xcdatamodel */,
			);
			currentVersion = 1F9484981DDB9835005050A3 /* GroceryAppCoreData.xcdatamodel */;
			path = GroceryAppCoreData.xcdatamodeld;
			sourceTree = "<group>";
			versionGroupType = wrapper.xcdatamodel;
		};
/* End XCVersionGroup section */
	};
	rootObject = 1F9484851DDB9835005050A3 /* Project object */;
}
